<?xml version="1.0" encoding="utf-8"?>
<Project ToolsVersion="4.0" xmlns="http://schemas.microsoft.com/developer/msbuild/2003">
  <ItemGroup>
    <Filter Include="Source Files">
      <UniqueIdentifier>{4FC737F1-C7A5-4376-A066-2A32D752A2FF}</UniqueIdentifier>
      <Extensions>cpp;c;cc;cxx;def;odl;idl;hpj;bat;asm;asmx</Extensions>
    </Filter>
    <Filter Include="Header Files">
      <UniqueIdentifier>{93995380-89BD-4b04-88EB-625FBE52EBFB}</UniqueIdentifier>
      <Extensions>h;hh;hpp;hxx;hm;inl;inc;ipp;xsd</Extensions>
    </Filter>
    <Filter Include="Resource Files">
      <UniqueIdentifier>{67DA6AB6-F800-4c08-8B7A-83BB121AAD01}</UniqueIdentifier>
      <Extensions>rc;ico;cur;bmp;dlg;rc2;rct;bin;rgs;gif;jpg;jpeg;jpe;resx;tiff;tif;png;wav;mfcribbon-ms</Extensions>
    </Filter>
    <Filter Include="Source Files\Included">
      <UniqueIdentifier>{971eb1f6-2b11-4de3-a316-db0288805400}</UniqueIdentifier>
    </Filter>
    <Filter Include="Source Files\Included\COM">
      <UniqueIdentifier>{f571c225-fcfa-470e-9ee1-0a6b5b4c3bf6}</UniqueIdentifier>
    </Filter>
  </ItemGroup>
  <ItemGroup>
    <MASM Include="Whirr.asm">
      <Filter>Source Files</Filter>
    </MASM>
  </ItemGroup>
  <ItemGroup>
    <None Include="Macros.inc">
      <Filter>Source Files\Included</Filter>
    </None>
    <None Include="Heaps.inc">
      <Filter>Source Files\Included</Filter>
    </None>
    <None Include="Random.inc">
      <Filter>Source Files\Included</Filter>
    </None>
    <None Include="Strings.inc">
      <Filter>Source Files\Included</Filter>
    </None>
    <None Include="Externals.inc">
      <Filter>Source Files\Included</Filter>
    </None>
    <None Include="Defines.inc">
      <Filter>Source Files\Included</Filter>
    </None>
    <None Include="COM.inc">
      <Filter>Source Files\Included\COM</Filter>
    </None>
    <None Include="IID.inc">
      <Filter>Source Files\Included\COM</Filter>
    </None>
    <None Include="DXGI.inc">
      <Filter>Source Files\Included\COM</Filter>
    </None>
    <None Include="D3D12.inc">
      <Filter>Source Files\Included\COM</Filter>
    </None>
    <None Include="D3D.inc">
      <Filter>Source Files\Included\COM</Filter>
    </None>
  </ItemGroup>
  <ItemGroup>
    <ResourceCompile Include="Whir.rc">
      <Filter>Resource Files</Filter>
    </ResourceCompile>
  </ItemGroup>
  <ItemGroup>
    <Image Include="Whir.ico">
      <Filter>Resource Files</Filter>
    </Image>
  </ItemGroup>
</Project>